
Microsoft Visual Studio Solution File, Format Version 12.00
# Visual Studio Version 17
VisualStudioVersion = 17.9.34723.18
MinimumVisualStudioVersion = 10.0.40219.1
Project("{8BC9CEB8-8B4A-11D0-8D11-00A0C91BC942}") = "Project1", "Project1.vcxproj", "{10F40A40-1B42-4715-BC6F-95E17B774991}"
EndProject
Global
	GlobalSection(SolutionConfigurationPlatforms) = preSolution
		Debug|x64 = Debug|x64
		Debug|x86 = Debug|x86
		Release|x64 = Release|x64
		Release|x86 = Release|x86
	EndGlobalSection
	GlobalSection(ProjectConfigurationPlatforms) = postSolution
		{10F40A40-1B42-4715-BC6F-95E17B774991}.Debug|x64.ActiveCfg = Debug|x64
		{10F40A40-1B42-4715-BC6F-95E17B774991}.Debug|x64.Build.0 = Debug|x64
		{10F40A40-1B42-4715-BC6F-95E17B774991}.Debug|x86.ActiveCfg = Debug|Win32
		{10F40A40-1B42-4715-BC6F-95E17B774991}.Debug|x86.Build.0 = Debug|Win32
		{10F40A40-1B42-4715-BC6F-95E17B774991}.Release|x64.ActiveCfg = Release|x64
		{10F40A40-1B42-4715-BC6F-95E17B774991}.Release|x64.Build.0 = Release|x64
		{10F40A40-1B42-4715-BC6F-95E17B774991}.Release|x86.ActiveCfg = Release|Win32
		{10F40A40-1B42-4715-BC6F-95E17B774991}.Release|x86.Build.0 = Release|Win32
	EndGlobalSection
	GlobalSection(SolutionProperties) = preSolution
		HideSolutionNode = FALSE
	EndGlobalSection
	GlobalSection(ExtensibilityGlobals) = postSolution
		SolutionGuid = {26D1A3B2-97BE-4A6A-894F-BBCB8434F768}
	EndGlobalSection
EndGlobal
